// !$*UTF8*$!
{
	archiveVersion = 1;
	classes = {
	};
	objectVersion = 56;
	objects = {

/* Begin PBXBuildFile section */
		8541D14929A5FC1300CDF07E /* covidDataApp.swift in Sources */ = {isa = PBXBuildFile; fileRef = 8541D14829A5FC1300CDF07E /* covidDataApp.swift */; };
		8541D14B29A5FC1300CDF07E /* ContentView.swift in Sources */ = {isa = PBXBuildFile; fileRef = 8541D14A29A5FC1300CDF07E /* ContentView.swift */; };
		8541D14D29A5FC1400CDF07E /* Assets.xcassets in Resources */ = {isa = PBXBuildFile; fileRef = 8541D14C29A5FC1400CDF07E /* Assets.xcassets */; };
		8541D15029A5FC1400CDF07E /* Preview Assets.xcassets in Resources */ = {isa = PBXBuildFile; fileRef = 8541D14F29A5FC1400CDF07E /* Preview Assets.xcassets */; };
		8541D15A29A5FC1500CDF07E /* covid_data_appTests.swift in Sources */ = {isa = PBXBuildFile; fileRef = 8541D15929A5FC1500CDF07E /* covid_data_appTests.swift */; };
		8541D16429A5FC1500CDF07E /* covid_data_appUITests.swift in Sources */ = {isa = PBXBuildFile; fileRef = 8541D16329A5FC1500CDF07E /* covid_data_appUITests.swift */; };
		8541D16629A5FC1500CDF07E /* covid_data_appUITestsLaunchTests.swift in Sources */ = {isa = PBXBuildFile; fileRef = 8541D16529A5FC1500CDF07E /* covid_data_appUITestsLaunchTests.swift */; };
		8541D17329A5FC5200CDF07E /* CovidStats.swift in Sources */ = {isa = PBXBuildFile; fileRef = 8541D17229A5FC5200CDF07E /* CovidStats.swift */; };
		8541D17529A5FC8C00CDF07E /* CountriesData.swift in Sources */ = {isa = PBXBuildFile; fileRef = 8541D17429A5FC8C00CDF07E /* CountriesData.swift */; };
		8541D17929A5FD2A00CDF07E /* CovidModel.swift in Sources */ = {isa = PBXBuildFile; fileRef = 8541D17829A5FD2A00CDF07E /* CovidModel.swift */; };
		8541D17B29A5FD4D00CDF07E /* CovidViewModel.swift in Sources */ = {isa = PBXBuildFile; fileRef = 8541D17A29A5FD4D00CDF07E /* CovidViewModel.swift */; };
		8541D17D29A5FD6E00CDF07E /* CovidDetailView.swift in Sources */ = {isa = PBXBuildFile; fileRef = 8541D17C29A5FD6E00CDF07E /* CovidDetailView.swift */; };
		8541D17F29A5FD9500CDF07E /* CountriesModel.swift in Sources */ = {isa = PBXBuildFile; fileRef = 8541D17E29A5FD9500CDF07E /* CountriesModel.swift */; };
		8541D18129A5FDB300CDF07E /* CountriesViewModel.swift in Sources */ = {isa = PBXBuildFile; fileRef = 8541D18029A5FDB300CDF07E /* CountriesViewModel.swift */; };
		8541D18329A5FDD100CDF07E /* CountriesDetailView.swift in Sources */ = {isa = PBXBuildFile; fileRef = 8541D18229A5FDD100CDF07E /* CountriesDetailView.swift */; };
		855D521929AA79B8007CFFEB /* BuildString.swift in Sources */ = {isa = PBXBuildFile; fileRef = 855D521829AA79B8007CFFEB /* BuildString.swift */; };
/* End PBXBuildFile section */

/* Begin PBXContainerItemProxy section */
		8541D15629A5FC1500CDF07E /* PBXContainerItemProxy */ = {
			isa = PBXContainerItemProxy;
			containerPortal = 8541D13D29A5FC1300CDF07E /* Project object */;
			proxyType = 1;
			remoteGlobalIDString = 8541D14429A5FC1300CDF07E;
			remoteInfo = "covid data app";
		};
		8541D16029A5FC1500CDF07E /* PBXContainerItemProxy */ = {
			isa = PBXContainerItemProxy;
			containerPortal = 8541D13D29A5FC1300CDF07E /* Project object */;
			proxyType = 1;
			remoteGlobalIDString = 8541D14429A5FC1300CDF07E;
			remoteInfo = "covid data app";
		};
/* End PBXContainerItemProxy section */

/* Begin PBXFileReference section */
		8541D14529A5FC1300CDF07E /* covid data app.app */ = {isa = PBXFileReference; explicitFileType = wrapper.application; includeInIndex = 0; path = "covid data app.app"; sourceTree = BUILT_PRODUCTS_DIR; };
		8541D14829A5FC1300CDF07E /* covidDataApp.swift */ = {isa = PBXFileReference; lastKnownFileType = sourcecode.swift; path = covidDataApp.swift; sourceTree = "<group>"; };
		8541D14A29A5FC1300CDF07E /* ContentView.swift */ = {isa = PBXFileReference; lastKnownFileType = sourcecode.swift; path = ContentView.swift; sourceTree = "<group>"; };
		8541D14C29A5FC1400CDF07E /* Assets.xcassets */ = {isa = PBXFileReference; lastKnownFileType = folder.assetcatalog; path = Assets.xcassets; sourceTree = "<group>"; };
		8541D14F29A5FC1400CDF07E /* Preview Assets.xcassets */ = {isa = PBXFileReference; lastKnownFileType = folder.assetcatalog; path = "Preview Assets.xcassets"; sourceTree = "<group>"; };
		8541D15529A5FC1500CDF07E /* covid data appTests.xctest */ = {isa = PBXFileReference; explicitFileType = wrapper.cfbundle; includeInIndex = 0; path = "covid data appTests.xctest"; sourceTree = BUILT_PRODUCTS_DIR; };
		8541D15929A5FC1500CDF07E /* covid_data_appTests.swift */ = {isa = PBXFileReference; lastKnownFileType = sourcecode.swift; path = covid_data_appTests.swift; sourceTree = "<group>"; };
		8541D15F29A5FC1500CDF07E /* covid data appUITests.xctest */ = {isa = PBXFileReference; explicitFileType = wrapper.cfbundle; includeInIndex = 0; path = "covid data appUITests.xctest"; sourceTree = BUILT_PRODUCTS_DIR; };
		8541D16329A5FC1500CDF07E /* covid_data_appUITests.swift */ = {isa = PBXFileReference; lastKnownFileType = sourcecode.swift; path = covid_data_appUITests.swift; sourceTree = "<group>"; };
		8541D16529A5FC1500CDF07E /* covid_data_appUITestsLaunchTests.swift */ = {isa = PBXFileReference; lastKnownFileType = sourcecode.swift; path = covid_data_appUITestsLaunchTests.swift; sourceTree = "<group>"; };
		8541D17229A5FC5200CDF07E /* CovidStats.swift */ = {isa = PBXFileReference; lastKnownFileType = sourcecode.swift; path = CovidStats.swift; sourceTree = "<group>"; };
		8541D17429A5FC8C00CDF07E /* CountriesData.swift */ = {isa = PBXFileReference; lastKnownFileType = sourcecode.swift; path = CountriesData.swift; sourceTree = "<group>"; };
		8541D17829A5FD2A00CDF07E /* CovidModel.swift */ = {isa = PBXFileReference; lastKnownFileType = sourcecode.swift; path = CovidModel.swift; sourceTree = "<group>"; };
		8541D17A29A5FD4D00CDF07E /* CovidViewModel.swift */ = {isa = PBXFileReference; lastKnownFileType = sourcecode.swift; path = CovidViewModel.swift; sourceTree = "<group>"; };
		8541D17C29A5FD6E00CDF07E /* CovidDetailView.swift */ = {isa = PBXFileReference; lastKnownFileType = sourcecode.swift; path = CovidDetailView.swift; sourceTree = "<group>"; };
		8541D17E29A5FD9500CDF07E /* CountriesModel.swift */ = {isa = PBXFileReference; lastKnownFileType = sourcecode.swift; path = CountriesModel.swift; sourceTree = "<group>"; };
		8541D18029A5FDB300CDF07E /* CountriesViewModel.swift */ = {isa = PBXFileReference; lastKnownFileType = sourcecode.swift; path = CountriesViewModel.swift; sourceTree = "<group>"; };
		8541D18229A5FDD100CDF07E /* CountriesDetailView.swift */ = {isa = PBXFileReference; lastKnownFileType = sourcecode.swift; path = CountriesDetailView.swift; sourceTree = "<group>"; };
		855D521829AA79B8007CFFEB /* BuildString.swift */ = {isa = PBXFileReference; lastKnownFileType = sourcecode.swift; path = BuildString.swift; sourceTree = "<group>"; };
/* End PBXFileReference section */

/* Begin PBXFrameworksBuildPhase section */
		8541D14229A5FC1300CDF07E /* Frameworks */ = {
			isa = PBXFrameworksBuildPhase;
			buildActionMask = 2147483647;
			files = (
			);
			runOnlyForDeploymentPostprocessing = 0;
		};
		8541D15229A5FC1500CDF07E /* Frameworks */ = {
			isa = PBXFrameworksBuildPhase;
			buildActionMask = 2147483647;
			files = (
			);
			runOnlyForDeploymentPostprocessing = 0;
		};
		8541D15C29A5FC1500CDF07E /* Frameworks */ = {
			isa = PBXFrameworksBuildPhase;
			buildActionMask = 2147483647;
			files = (
			);
			runOnlyForDeploymentPostprocessing = 0;
		};
/* End PBXFrameworksBuildPhase section */

/* Begin PBXGroup section */
		8541D13C29A5FC1300CDF07E = {
			isa = PBXGroup;
			children = (
				8541D14729A5FC1300CDF07E /* covid data app */,
				8541D15829A5FC1500CDF07E /* covid data appTests */,
				8541D16229A5FC1500CDF07E /* covid data appUITests */,
				8541D14629A5FC1300CDF07E /* Products */,
			);
			sourceTree = "<group>";
		};
		8541D14629A5FC1300CDF07E /* Products */ = {
			isa = PBXGroup;
			children = (
				8541D14529A5FC1300CDF07E /* covid data app.app */,
				8541D15529A5FC1500CDF07E /* covid data appTests.xctest */,
				8541D15F29A5FC1500CDF07E /* covid data appUITests.xctest */,
			);
			name = Products;
			sourceTree = "<group>";
		};
		8541D14729A5FC1300CDF07E /* covid data app */ = {
			isa = PBXGroup;
			children = (
				8541D14829A5FC1300CDF07E /* covidDataApp.swift */,
				8541D14A29A5FC1300CDF07E /* ContentView.swift */,
				8541D14C29A5FC1400CDF07E /* Assets.xcassets */,
				8541D14E29A5FC1400CDF07E /* Preview Content */,
				8541D17629A5FC9700CDF07E /* Covid stats group */,
				8541D17729A5FCBB00CDF07E /* Countries data group */,
			);
			path = "covid data app";
			sourceTree = "<group>";
		};
		8541D14E29A5FC1400CDF07E /* Preview Content */ = {
			isa = PBXGroup;
			children = (
				8541D14F29A5FC1400CDF07E /* Preview Assets.xcassets */,
			);
			path = "Preview Content";
			sourceTree = "<group>";
		};
		8541D15829A5FC1500CDF07E /* covid data appTests */ = {
			isa = PBXGroup;
			children = (
				8541D15929A5FC1500CDF07E /* covid_data_appTests.swift */,
			);
			path = "covid data appTests";
			sourceTree = "<group>";
		};
		8541D16229A5FC1500CDF07E /* covid data appUITests */ = {
			isa = PBXGroup;
			children = (
				8541D16329A5FC1500CDF07E /* covid_data_appUITests.swift */,
				8541D16529A5FC1500CDF07E /* covid_data_appUITestsLaunchTests.swift */,
			);
			path = "covid data appUITests";
			sourceTree = "<group>";
		};
		8541D17629A5FC9700CDF07E /* Covid stats group */ = {
			isa = PBXGroup;
			children = (
				8541D17229A5FC5200CDF07E /* CovidStats.swift */,
				8541D17C29A5FD6E00CDF07E /* CovidDetailView.swift */,
				8541D17829A5FD2A00CDF07E /* CovidModel.swift */,
				8541D17A29A5FD4D00CDF07E /* CovidViewModel.swift */,
				855D521829AA79B8007CFFEB /* BuildString.swift */,
			);
			path = "Covid stats group";
			sourceTree = "<group>";
		};
		8541D17729A5FCBB00CDF07E /* Countries data group */ = {
			isa = PBXGroup;
			children = (
				8541D17429A5FC8C00CDF07E /* CountriesData.swift */,
				8541D18229A5FDD100CDF07E /* CountriesDetailView.swift */,
				8541D17E29A5FD9500CDF07E /* CountriesModel.swift */,
				8541D18029A5FDB300CDF07E /* CountriesViewModel.swift */,
			);
			path = "Countries data group";
			sourceTree = "<group>";
		};
/* End PBXGroup section */

/* Begin PBXNativeTarget section */
		8541D14429A5FC1300CDF07E /* covid data app */ = {
			isa = PBXNativeTarget;
			buildConfigurationList = 8541D16929A5FC1500CDF07E /* Build configuration list for PBXNativeTarget "covid data app" */;
			buildPhases = (
				8541D14129A5FC1300CDF07E /* Sources */,
				8541D14229A5FC1300CDF07E /* Frameworks */,
				8541D14329A5FC1300CDF07E /* Resources */,
			);
			buildRules = (
			);
			dependencies = (
			);
			name = "covid data app";
			productName = "covid data app";
			productReference = 8541D14529A5FC1300CDF07E /* covid data app.app */;
			productType = "com.apple.product-type.application";
		};
		8541D15429A5FC1500CDF07E /* covid data appTests */ = {
			isa = PBXNativeTarget;
			buildConfigurationList = 8541D16C29A5FC1500CDF07E /* Build configuration list for PBXNativeTarget "covid data appTests" */;
			buildPhases = (
				8541D15129A5FC1500CDF07E /* Sources */,
				8541D15229A5FC1500CDF07E /* Frameworks */,
				8541D15329A5FC1500CDF07E /* Resources */,
			);
			buildRules = (
			);
			dependencies = (
				8541D15729A5FC1500CDF07E /* PBXTargetDependency */,
			);
			name = "covid data appTests";
			productName = "covid data appTests";
			productReference = 8541D15529A5FC1500CDF07E /* covid data appTests.xctest */;
			productType = "com.apple.product-type.bundle.unit-test";
		};
		8541D15E29A5FC1500CDF07E /* covid data appUITests */ = {
			isa = PBXNativeTarget;
			buildConfigurationList = 8541D16F29A5FC1500CDF07E /* Build configuration list for PBXNativeTarget "covid data appUITests" */;
			buildPhases = (
				8541D15B29A5FC1500CDF07E /* Sources */,
				8541D15C29A5FC1500CDF07E /* Frameworks */,
				8541D15D29A5FC1500CDF07E /* Resources */,
			);
			buildRules = (
			);
			dependencies = (
				8541D16129A5FC1500CDF07E /* PBXTargetDependency */,
			);
			name = "covid data appUITests";
			productName = "covid data appUITests";
			productReference = 8541D15F29A5FC1500CDF07E /* covid data appUITests.xctest */;
			productType = "com.apple.product-type.bundle.ui-testing";
		};
/* End PBXNativeTarget section */

/* Begin PBXProject section */
		8541D13D29A5FC1300CDF07E /* Project object */ = {
			isa = PBXProject;
			attributes = {
				BuildIndependentTargetsInParallel = 1;
				LastSwiftUpdateCheck = 1420;
				LastUpgradeCheck = 1420;
				TargetAttributes = {
					8541D14429A5FC1300CDF07E = {
						CreatedOnToolsVersion = 14.2;
					};
					8541D15429A5FC1500CDF07E = {
						CreatedOnToolsVersion = 14.2;
						TestTargetID = 8541D14429A5FC1300CDF07E;
					};
					8541D15E29A5FC1500CDF07E = {
						CreatedOnToolsVersion = 14.2;
						TestTargetID = 8541D14429A5FC1300CDF07E;
					};
				};
			};
			buildConfigurationList = 8541D14029A5FC1300CDF07E /* Build configuration list for PBXProject "covid data app" */;
			compatibilityVersion = "Xcode 14.0";
			developmentRegion = en;
			hasScannedForEncodings = 0;
			knownRegions = (
				en,
				Base,
			);
			mainGroup = 8541D13C29A5FC1300CDF07E;
			productRefGroup = 8541D14629A5FC1300CDF07E /* Products */;
			projectDirPath = "";
			projectRoot = "";
			targets = (
				8541D14429A5FC1300CDF07E /* covid data app */,
				8541D15429A5FC1500CDF07E /* covid data appTests */,
				8541D15E29A5FC1500CDF07E /* covid data appUITests */,
			);
		};
/* End PBXProject section */

/* Begin PBXResourcesBuildPhase section */
		8541D14329A5FC1300CDF07E /* Resources */ = {
			isa = PBXResourcesBuildPhase;
			buildActionMask = 2147483647;
			files = (
				8541D15029A5FC1400CDF07E /* Preview Assets.xcassets in Resources */,
				8541D14D29A5FC1400CDF07E /* Assets.xcassets in Resources */,
			);
			runOnlyForDeploymentPostprocessing = 0;
		};
		8541D15329A5FC1500CDF07E /* Resources */ = {
			isa = PBXResourcesBuildPhase;
			buildActionMask = 2147483647;
			files = (
			);
			runOnlyForDeploymentPostprocessing = 0;
		};
		8541D15D29A5FC1500CDF07E /* Resources */ = {
			isa = PBXResourcesBuildPhase;
			buildActionMask = 2147483647;
			files = (
			);
			runOnlyForDeploymentPostprocessing = 0;
		};
/* End PBXResourcesBuildPhase section */

/* Begin PBXSourcesBuildPhase section */
		8541D14129A5FC1300CDF07E /* Sources */ = {
			isa = PBXSourcesBuildPhase;
			buildActionMask = 2147483647;
			files = (
				8541D18329A5FDD100CDF07E /* CountriesDetailView.swift in Sources */,
				8541D18129A5FDB300CDF07E /* CountriesViewModel.swift in Sources */,
				8541D17D29A5FD6E00CDF07E /* CovidDetailView.swift in Sources */,
				8541D17B29A5FD4D00CDF07E /* CovidViewModel.swift in Sources */,
				8541D14B29A5FC1300CDF07E /* ContentView.swift in Sources */,
				8541D17529A5FC8C00CDF07E /* CountriesData.swift in Sources */,
				8541D14929A5FC1300CDF07E /* covidDataApp.swift in Sources */,
				8541D17F29A5FD9500CDF07E /* CountriesModel.swift in Sources */,
				8541D17329A5FC5200CDF07E /* CovidStats.swift in Sources */,
				8541D17929A5FD2A00CDF07E /* CovidModel.swift in Sources */,
				855D521929AA79B8007CFFEB /* BuildString.swift in Sources */,
			);
			runOnlyForDeploymentPostprocessing = 0;
		};
		8541D15129A5FC1500CDF07E /* Sources */ = {
			isa = PBXSourcesBuildPhase;
			buildActionMask = 2147483647;
			files = (
				8541D15A29A5FC1500CDF07E /* covid_data_appTests.swift in Sources */,
			);
			runOnlyForDeploymentPostprocessing = 0;
		};
		8541D15B29A5FC1500CDF07E /* Sources */ = {
			isa = PBXSourcesBuildPhase;
			buildActionMask = 2147483647;
			files = (
				8541D16629A5FC1500CDF07E /* covid_data_appUITestsLaunchTests.swift in Sources */,
				8541D16429A5FC1500CDF07E /* covid_data_appUITests.swift in Sources */,
			);
			runOnlyForDeploymentPostprocessing = 0;
		};
/* End PBXSourcesBuildPhase section */

/* Begin PBXTargetDependency section */
		8541D15729A5FC1500CDF07E /* PBXTargetDependency */ = {
			isa = PBXTargetDependency;
			target = 8541D14429A5FC1300CDF07E /* covid data app */;
			targetProxy = 8541D15629A5FC1500CDF07E /* PBXContainerItemProxy */;
		};
		8541D16129A5FC1500CDF07E /* PBXTargetDependency */ = {
			isa = PBXTargetDependency;
			target = 8541D14429A5FC1300CDF07E /* covid data app */;
			targetProxy = 8541D16029A5FC1500CDF07E /* PBXContainerItemProxy */;
		};
/* End PBXTargetDependency section */

/* Begin XCBuildConfiguration section */
		8541D16729A5FC1500CDF07E /* Debug */ = {
			isa = XCBuildConfiguration;
			buildSettings = {
				ALWAYS_SEARCH_USER_PATHS = NO;
				CLANG_ANALYZER_NONNULL = YES;
				CLANG_ANALYZER_NUMBER_OBJECT_CONVERSION = YES_AGGRESSIVE;
				CLANG_CXX_LANGUAGE_STANDARD = "gnu++20";
				CLANG_ENABLE_MODULES = YES;
				CLANG_ENABLE_OBJC_ARC = YES;
				CLANG_ENABLE_OBJC_WEAK = YES;
				CLANG_WARN_BLOCK_CAPTURE_AUTORELEASING = YES;
				CLANG_WARN_BOOL_CONVERSION = YES;
				CLANG_WARN_COMMA = YES;
				CLANG_WARN_CONSTANT_CONVERSION = YES;
				CLANG_WARN_DEPRECATED_OBJC_IMPLEMENTATIONS = YES;
				CLANG_WARN_DIRECT_OBJC_ISA_USAGE = YES_ERROR;
				CLANG_WARN_DOCUMENTATION_COMMENTS = YES;
				CLANG_WARN_EMPTY_BODY = YES;
				CLANG_WARN_ENUM_CONVERSION = YES;
				CLANG_WARN_INFINITE_RECURSION = YES;
				CLANG_WARN_INT_CONVERSION = YES;
				CLANG_WARN_NON_LITERAL_NULL_CONVERSION = YES;
				CLANG_WARN_OBJC_IMPLICIT_RETAIN_SELF = YES;
				CLANG_WARN_OBJC_LITERAL_CONVERSION = YES;
				CLANG_WARN_OBJC_ROOT_CLASS = YES_ERROR;
				CLANG_WARN_QUOTED_INCLUDE_IN_FRAMEWORK_HEADER = YES;
				CLANG_WARN_RANGE_LOOP_ANALYSIS = YES;
				CLANG_WARN_STRICT_PROTOTYPES = YES;
				CLANG_WARN_SUSPICIOUS_MOVE = YES;
				CLANG_WARN_UNGUARDED_AVAILABILITY = YES_AGGRESSIVE;
				CLANG_WARN_UNREACHABLE_CODE = YES;
				CLANG_WARN__DUPLICATE_METHOD_MATCH = YES;
				COPY_PHASE_STRIP = NO;
				DEBUG_INFORMATION_FORMAT = dwarf;
				ENABLE_STRICT_OBJC_MSGSEND = YES;
				ENABLE_TESTABILITY = YES;
				GCC_C_LANGUAGE_STANDARD = gnu11;
				GCC_DYNAMIC_NO_PIC = NO;
				GCC_NO_COMMON_BLOCKS = YES;
				GCC_OPTIMIZATION_LEVEL = 0;
				GCC_PREPROCESSOR_DEFINITIONS = (
					"DEBUG=1",
					"$(inherited)",
				);
				GCC_WARN_64_TO_32_BIT_CONVERSION = YES;
				GCC_WARN_ABOUT_RETURN_TYPE = YES_ERROR;
				GCC_WARN_UNDECLARED_SELECTOR = YES;
				GCC_WARN_UNINITIALIZED_AUTOS = YES_AGGRESSIVE;
				GCC_WARN_UNUSED_FUNCTION = YES;
				GCC_WARN_UNUSED_VARIABLE = YES;
				IPHONEOS_DEPLOYMENT_TARGET = 16.2;
				MTL_ENABLE_DEBUG_INFO = INCLUDE_SOURCE;
				MTL_FAST_MATH = YES;
				ONLY_ACTIVE_ARCH = YES;
				SDKROOT = iphoneos;
				SWIFT_ACTIVE_COMPILATION_CONDITIONS = DEBUG;
				SWIFT_OPTIMIZATION_LEVEL = "-Onone";
			};
			name = Debug;
		};
		8541D16829A5FC1500CDF07E /* Release */ = {
			isa = XCBuildConfiguration;
			buildSettings = {
				ALWAYS_SEARCH_USER_PATHS = NO;
				CLANG_ANALYZER_NONNULL = YES;
				CLANG_ANALYZER_NUMBER_OBJECT_CONVERSION = YES_AGGRESSIVE;
				CLANG_CXX_LANGUAGE_STANDARD = "gnu++20";
				CLANG_ENABLE_MODULES = YES;
				CLANG_ENABLE_OBJC_ARC = YES;
				CLANG_ENABLE_OBJC_WEAK = YES;
				CLANG_WARN_BLOCK_CAPTURE_AUTORELEASING = YES;
				CLANG_WARN_BOOL_CONVERSION = YES;
				CLANG_WARN_COMMA = YES;
				CLANG_WARN_CONSTANT_CONVERSION = YES;
				CLANG_WARN_DEPRECATED_OBJC_IMPLEMENTATIONS = YES;
				CLANG_WARN_DIRECT_OBJC_ISA_USAGE = YES_ERROR;
				CLANG_WARN_DOCUMENTATION_COMMENTS = YES;
				CLANG_WARN_EMPTY_BODY = YES;
				CLANG_WARN_ENUM_CONVERSION = YES;
				CLANG_WARN_INFINITE_RECURSION = YES;
				CLANG_WARN_INT_CONVERSION = YES;
				CLANG_WARN_NON_LITERAL_NULL_CONVERSION = YES;
				CLANG_WARN_OBJC_IMPLICIT_RETAIN_SELF = YES;
				CLANG_WARN_OBJC_LITERAL_CONVERSION = YES;
				CLANG_WARN_OBJC_ROOT_CLASS = YES_ERROR;
				CLANG_WARN_QUOTED_INCLUDE_IN_FRAMEWORK_HEADER = YES;
				CLANG_WARN_RANGE_LOOP_ANALYSIS = YES;
				CLANG_WARN_STRICT_PROTOTYPES = YES;
				CLANG_WARN_SUSPICIOUS_MOVE = YES;
				CLANG_WARN_UNGUARDED_AVAILABILITY = YES_AGGRESSIVE;
				CLANG_WARN_UNREACHABLE_CODE = YES;
				CLANG_WARN__DUPLICATE_METHOD_MATCH = YES;
				COPY_PHASE_STRIP = NO;
				DEBUG_INFORMATION_FORMAT = "dwarf-with-dsym";
				ENABLE_NS_ASSERTIONS = NO;
				ENABLE_STRICT_OBJC_MSGSEND = YES;
				GCC_C_LANGUAGE_STANDARD = gnu11;
				GCC_NO_COMMON_BLOCKS = YES;
				GCC_WARN_64_TO_32_BIT_CONVERSION = YES;
				GCC_WARN_ABOUT_RETURN_TYPE = YES_ERROR;
				GCC_WARN_UNDECLARED_SELECTOR = YES;
				GCC_WARN_UNINITIALIZED_AUTOS = YES_AGGRESSIVE;
				GCC_WARN_UNUSED_FUNCTION = YES;
				GCC_WARN_UNUSED_VARIABLE = YES;
				IPHONEOS_DEPLOYMENT_TARGET = 16.2;
				MTL_ENABLE_DEBUG_INFO = NO;
				MTL_FAST_MATH = YES;
				SDKROOT = iphoneos;
				SWIFT_COMPILATION_MODE = wholemodule;
				SWIFT_OPTIMIZATION_LEVEL = "-O";
				VALIDATE_PRODUCT = YES;
			};
			name = Release;
		};
		8541D16A29A5FC1500CDF07E /* Debug */ = {
			isa = XCBuildConfiguration;
			buildSettings = {
				ASSETCATALOG_COMPILER_APPICON_NAME = AppIcon;
				ASSETCATALOG_COMPILER_GLOBAL_ACCENT_COLOR_NAME = AccentColor;
				CODE_SIGN_STYLE = Automatic;
				CURRENT_PROJECT_VERSION = 1;
				DEVELOPMENT_ASSET_PATHS = "\"covid data app/Preview Content\"";
				DEVELOPMENT_TEAM = ZANT2HXUXP;
				ENABLE_PREVIEWS = YES;
				GENERATE_INFOPLIST_FILE = YES;
				INFOPLIST_KEY_UIApplicationSceneManifest_Generation = YES;
				INFOPLIST_KEY_UIApplicationSupportsIndirectInputEvents = YES;
				INFOPLIST_KEY_UILaunchScreen_Generation = YES;
				INFOPLIST_KEY_UISupportedInterfaceOrientations_iPad = "UIInterfaceOrientationPortrait UIInterfaceOrientationPortraitUpsideDown UIInterfaceOrientationLandscapeLeft UIInterfaceOrientationLandscapeRight";
				INFOPLIST_KEY_UISupportedInterfaceOrientations_iPhone = "UIInterfaceOrientationPortrait UIInterfaceOrientationLandscapeLeft UIInterfaceOrientationLandscapeRight";
				LD_RUNPATH_SEARCH_PATHS = (
					"$(inherited)",
					"@executable_path/Frameworks",
				);
				MARKETING_VERSION = 1.0;
				PRODUCT_BUNDLE_IDENTIFIER = "azin.covid-data-app";
				PRODUCT_NAME = "$(TARGET_NAME)";
				SWIFT_EMIT_LOC_STRINGS = YES;
				SWIFT_VERSION = 5.0;
				TARGETED_DEVICE_FAMILY = "1,2";
			};
			name = Debug;
		};
		8541D16B29A5FC1500CDF07E /* Release */ = {
			isa = XCBuildConfiguration;
			buildSettings = {
				ASSETCATALOG_COMPILER_APPICON_NAME = AppIcon;
				ASSETCATALOG_COMPILER_GLOBAL_ACCENT_COLOR_NAME = AccentColor;
				CODE_SIGN_STYLE = Automatic;
				CURRENT_PROJECT_VERSION = 1;
				DEVELOPMENT_ASSET_PATHS = "\"covid data app/Preview Content\"";
				DEVELOPMENT_TEAM = ZANT2HXUXP;
				ENABLE_PREVIEWS = YES;
				GENERATE_INFOPLIST_FILE = YES;
				INFOPLIST_KEY_UIApplicationSceneManifest_Generation = YES;
				INFOPLIST_KEY_UIApplicationSupportsIndirectInputEvents = YES;
				INFOPLIST_KEY_UILaunchScreen_Generation = YES;
				INFOPLIST_KEY_UISupportedInterfaceOrientations_iPad = "UIInterfaceOrientationPortrait UIInterfaceOrientationPortraitUpsideDown UIInterfaceOrientationLandscapeLeft UIInterfaceOrientationLandscapeRight";
				INFOPLIST_KEY_UISupportedInterfaceOrientations_iPhone = "UIInterfaceOrientationPortrait UIInterfaceOrientationLandscapeLeft UIInterfaceOrientationLandscapeRight";
				LD_RUNPATH_SEARCH_PATHS = (
					"$(inherited)",
					"@executable_path/Frameworks",
				);
				MARKETING_VERSION = 1.0;
				PRODUCT_BUNDLE_IDENTIFIER = "azin.covid-data-app";
				PRODUCT_NAME = "$(TARGET_NAME)";
				SWIFT_EMIT_LOC_STRINGS = YES;
				SWIFT_VERSION = 5.0;
				TARGETED_DEVICE_FAMILY = "1,2";
			};
			name = Release;
		};
		8541D16D29A5FC1500CDF07E /* Debug */ = {
			isa = XCBuildConfiguration;
			buildSettings = {
				ALWAYS_EMBED_SWIFT_STANDARD_LIBRARIES = YES;
				BUNDLE_LOADER = "$(TEST_HOST)";
				CODE_SIGN_STYLE = Automatic;
				CURRENT_PROJECT_VERSION = 1;
				DEVELOPMENT_TEAM = ZANT2HXUXP;
				GENERATE_INFOPLIST_FILE = YES;
				IPHONEOS_DEPLOYMENT_TARGET = 16.2;
				MARKETING_VERSION = 1.0;
				PRODUCT_BUNDLE_IDENTIFIER = "azin.covid-data-appTests";
				PRODUCT_NAME = "$(TARGET_NAME)";
				SWIFT_EMIT_LOC_STRINGS = NO;
				SWIFT_VERSION = 5.0;
				TARGETED_DEVICE_FAMILY = "1,2";
				TEST_HOST = "$(BUILT_PRODUCTS_DIR)/covid data app.app/$(BUNDLE_EXECUTABLE_FOLDER_PATH)/covid data app";
			};
			name = Debug;
		};
		8541D16E29A5FC1500CDF07E /* Release */ = {
			isa = XCBuildConfiguration;
			buildSettings = {
				ALWAYS_EMBED_SWIFT_STANDARD_LIBRARIES = YES;
				BUNDLE_LOADER = "$(TEST_HOST)";
				CODE_SIGN_STYLE = Automatic;
				CURRENT_PROJECT_VERSION = 1;
				DEVELOPMENT_TEAM = ZANT2HXUXP;
				GENERATE_INFOPLIST_FILE = YES;
				IPHONEOS_DEPLOYMENT_TARGET = 16.2;
				MARKETING_VERSION = 1.0;
				PRODUCT_BUNDLE_IDENTIFIER = "azin.covid-data-appTests";
				PRODUCT_NAME = "$(TARGET_NAME)";
				SWIFT_EMIT_LOC_STRINGS = NO;
				SWIFT_VERSION = 5.0;
				TARGETED_DEVICE_FAMILY = "1,2";
				TEST_HOST = "$(BUILT_PRODUCTS_DIR)/covid data app.app/$(BUNDLE_EXECUTABLE_FOLDER_PATH)/covid data app";
			};
			name = Release;
		};
		8541D17029A5FC1500CDF07E /* Debug */ = {
			isa = XCBuildConfiguration;
			buildSettings = {
				ALWAYS_EMBED_SWIFT_STANDARD_LIBRARIES = YES;
				CODE_SIGN_STYLE = Automatic;
				CURRENT_PROJECT_VERSION = 1;
				DEVELOPMENT_TEAM = ZANT2HXUXP;
				GENERATE_INFOPLIST_FILE = YES;
				MARKETING_VERSION = 1.0;
				PRODUCT_BUNDLE_IDENTIFIER = "azin.covid-data-appUITests";
				PRODUCT_NAME = "$(TARGET_NAME)";
				SWIFT_EMIT_LOC_STRINGS = NO;
				SWIFT_VERSION = 5.0;
				TARGETED_DEVICE_FAMILY = "1,2";
				TEST_TARGET_NAME = "covid data app";
			};
			name = Debug;
		};
		8541D17129A5FC1500CDF07E /* Release */ = {
			isa = XCBuildConfiguration;
			buildSettings = {
				ALWAYS_EMBED_SWIFT_STANDARD_LIBRARIES = YES;
				CODE_SIGN_STYLE = Automatic;
				CURRENT_PROJECT_VERSION = 1;
				DEVELOPMENT_TEAM = ZANT2HXUXP;
				GENERATE_INFOPLIST_FILE = YES;
				MARKETING_VERSION = 1.0;
				PRODUCT_BUNDLE_IDENTIFIER = "azin.covid-data-appUITests";
				PRODUCT_NAME = "$(TARGET_NAME)";
				SWIFT_EMIT_LOC_STRINGS = NO;
				SWIFT_VERSION = 5.0;
				TARGETED_DEVICE_FAMILY = "1,2";
				TEST_TARGET_NAME = "covid data app";
			};
			name = Release;
		};
/* End XCBuildConfiguration section */

/* Begin XCConfigurationList section */
		8541D14029A5FC1300CDF07E /* Build configuration list for PBXProject "covid data app" */ = {
			isa = XCConfigurationList;
			buildConfigurations = (
				8541D16729A5FC1500CDF07E /* Debug */,
				8541D16829A5FC1500CDF07E /* Release */,
			);
			defaultConfigurationIsVisible = 0;
			defaultConfigurationName = Release;
		};
		8541D16929A5FC1500CDF07E /* Build configuration list for PBXNativeTarget "covid data app" */ = {
			isa = XCConfigurationList;
			buildConfigurations = (
				8541D16A29A5FC1500CDF07E /* Debug */,
				8541D16B29A5FC1500CDF07E /* Release */,
			);
			defaultConfigurationIsVisible = 0;
			defaultConfigurationName = Release;
		};
		8541D16C29A5FC1500CDF07E /* Build configuration list for PBXNativeTarget "covid data appTests" */ = {
			isa = XCConfigurationList;
			buildConfigurations = (
				8541D16D29A5FC1500CDF07E /* Debug */,
				8541D16E29A5FC1500CDF07E /* Release */,
			);
			defaultConfigurationIsVisible = 0;
			defaultConfigurationName = Release;
		};
		8541D16F29A5FC1500CDF07E /* Build configuration list for PBXNativeTarget "covid data appUITests" */ = {
			isa = XCConfigurationList;
			buildConfigurations = (
				8541D17029A5FC1500CDF07E /* Debug */,
				8541D17129A5FC1500CDF07E /* Release */,
			);
			defaultConfigurationIsVisible = 0;
			defaultConfigurationName = Release;
		};
/* End XCConfigurationList section */
	};
	rootObject = 8541D13D29A5FC1300CDF07E /* Project object */;
}
